<?xml version="1.0" encoding="utf-8"?>
<Project ToolsVersion="4.0" xmlns="http://schemas.microsoft.com/developer/msbuild/2003">
  <ItemGroup>
    <ClCompile Include="TTXMouse.c">
      <Filter>ソース ファイル</Filter>
    </ClCompile>
    <ClCompile Include="XMouseRegistry.c">
      <Filter>ソース ファイル</Filter>
    </ClCompile>
    <ClCompile Include="NotifyIcon.c">
      <Filter>ソース ファイル</Filter>
    </ClCompile>
  </ItemGroup>
  <ItemGroup>
    <ClInclude Include="NotifyIcon.h">
      <Filter>ヘッダー ファイル</Filter>
    </ClInclude>
    <ClInclude Include="resource.h">
      <Filter>ヘッダー ファイル</Filter>
    </ClInclude>
    <ClInclude Include="XMouseRegistry.h">
      <Filter>ヘッダー ファイル</Filter>
    </ClInclude>
  </ItemGroup>
  <ItemGroup>
    <None Include="res\icon_disable.ico">
      <Filter>リソース ファイル</Filter>
    </None>
    <None Include="res\icon_enable.ico">
      <Filter>リソース ファイル</Filter>
    </None>
    <None Include="res\icon_main.ico">
      <Filter>リソース ファイル</Filter>
    </None>
  </ItemGroup>
  <ItemGroup>
    <Filter Include="ソース ファイル">
      <UniqueIdentifier>{8894ae3d-a406-4a70-9e5c-fd327319a7db}</UniqueIdentifier>
    </Filter>
    <Filter Include="ヘッダー ファイル">
      <UniqueIdentifier>{c6ef49c8-4369-4d7e-83c6-7e529df61c81}</UniqueIdentifier>
    </Filter>
    <Filter Include="リソース ファイル">
      <UniqueIdentifier>{19189aaa-e386-4d1d-87cd-c2c0f3f93fdc}</UniqueIdentifier>
    </Filter>
  </ItemGroup>
  <ItemGroup>
    <ResourceCompile Include="TTXMouse.rc">
      <Filter>リソース ファイル</Filter>
    </ResourceCompile>
  </ItemGroup>
</Project>